{
	"name": "vscode-markdown-deflist",
	"version": "0.0.1",
	"lockfileVersion": 3,
	"requires": true,
	"packages": {
		"": {
			"name": "vscode-markdown-deflist",
			"version": "0.0.1",
			"license": "MIT",
			"dependencies": {
				"markdown-it-deflist": "^3.0.0"
			},
			"devDependencies": {
				"@types/vscode": "^1.50.0"
			},
			"engines": {
				"vscode": "^1.50.0"
			}
		},
		"node_modules/@types/vscode": {
			"version": "1.50.0",
			"dev": true,
			"license": "MIT"
		},
		"node_modules/markdown-it-deflist": {
			"version": "3.0.0",
			"resolved": "https://registry.npmjs.org/markdown-it-deflist/-/markdown-it-deflist-3.0.0.tgz",
			"integrity": "sha512-OxPmQ/keJZwbubjiQWOvKLHwpV2wZ5I3Smc81OjhwbfJsjdRrvD5aLTQxmZzzePeO0kbGzAo3Krk4QLgA8PWLg==",
			"license": "MIT"
		}
	}
}
